
Microsoft Visual Studio Solution File, Format Version 12.00
# Visual Studio Version 17
VisualStudioVersion = 17.2.32505.173
MinimumVisualStudioVersion = 10.0.40219.1
Project("{FAE04EC0-301F-11D3-BF4B-00C04F79EFBC}") = "Algorithms Design", "Algorithms Design\Algorithms Design.csproj", "{0905D63A-8B2F-40D7-ACE6-ADF1ECD77E45}"
EndProject
Project("{FAE04EC0-301F-11D3-BF4B-00C04F79EFBC}") = "DebuggingConsole", "DebuggingConsole\DebuggingConsole.csproj", "{C5219066-09B2-4634-B408-408386F0A105}"
EndProject
Global
	GlobalSection(SolutionConfigurationPlatforms) = preSolution
		Debug|Any CPU = Debug|Any CPU
		Release|Any CPU = Release|Any CPU
	EndGlobalSection
	GlobalSection(ProjectConfigurationPlatforms) = postSolution
		{0905D63A-8B2F-40D7-ACE6-ADF1ECD77E45}.Debug|Any CPU.ActiveCfg = Debug|Any CPU
		{0905D63A-8B2F-40D7-ACE6-ADF1ECD77E45}.Debug|Any CPU.Build.0 = Debug|Any CPU
		{0905D63A-8B2F-40D7-ACE6-ADF1ECD77E45}.Release|Any CPU.ActiveCfg = Release|Any CPU
		{0905D63A-8B2F-40D7-ACE6-ADF1ECD77E45}.Release|Any CPU.Build.0 = Release|Any CPU
		{C5219066-09B2-4634-B408-408386F0A105}.Debug|Any CPU.ActiveCfg = Debug|Any CPU
		{C5219066-09B2-4634-B408-408386F0A105}.Debug|Any CPU.Build.0 = Debug|Any CPU
		{C5219066-09B2-4634-B408-408386F0A105}.Release|Any CPU.ActiveCfg = Release|Any CPU
		{C5219066-09B2-4634-B408-408386F0A105}.Release|Any CPU.Build.0 = Release|Any CPU
	EndGlobalSection
	GlobalSection(SolutionProperties) = preSolution
		HideSolutionNode = FALSE
	EndGlobalSection
	GlobalSection(ExtensibilityGlobals) = postSolution
		SolutionGuid = {56BBBACD-9956-41CE-BD04-0ADB988DA649}
	EndGlobalSection
EndGlobal
